
Microsoft Visual Studio Solution File, Format Version 12.00
# Visual Studio 2013
VisualStudioVersion = 12.0.40629.0
MinimumVisualStudioVersion = 10.0.40219.1
Project("{FAE04EC0-301F-11D3-BF4B-00C04F79EFBC}") = "SimpleMysql", "SimpleMysql\SimpleMysql.csproj", "{00855352-5FA5-4F61-8F95-CFF2B54318A0}"
EndProject
Project("{FAE04EC0-301F-11D3-BF4B-00C04F79EFBC}") = "demo", "demo\demo.csproj", "{2DA0917D-3210-4DFC-978B-071DC9FDCA08}"
EndProject
Global
	GlobalSection(SolutionConfigurationPlatforms) = preSolution
		Debug|Any CPU = Debug|Any CPU
		Release|Any CPU = Release|Any CPU
	EndGlobalSection
	GlobalSection(ProjectConfigurationPlatforms) = postSolution
		{00855352-5FA5-4F61-8F95-CFF2B54318A0}.Debug|Any CPU.ActiveCfg = Debug|Any CPU
		{00855352-5FA5-4F61-8F95-CFF2B54318A0}.Debug|Any CPU.Build.0 = Debug|Any CPU
		{00855352-5FA5-4F61-8F95-CFF2B54318A0}.Release|Any CPU.ActiveCfg = Release|Any CPU
		{00855352-5FA5-4F61-8F95-CFF2B54318A0}.Release|Any CPU.Build.0 = Release|Any CPU
		{2DA0917D-3210-4DFC-978B-071DC9FDCA08}.Debug|Any CPU.ActiveCfg = Debug|Any CPU
		{2DA0917D-3210-4DFC-978B-071DC9FDCA08}.Debug|Any CPU.Build.0 = Debug|Any CPU
		{2DA0917D-3210-4DFC-978B-071DC9FDCA08}.Release|Any CPU.ActiveCfg = Release|Any CPU
		{2DA0917D-3210-4DFC-978B-071DC9FDCA08}.Release|Any CPU.Build.0 = Release|Any CPU
	EndGlobalSection
	GlobalSection(SolutionProperties) = preSolution
		HideSolutionNode = FALSE
	EndGlobalSection
EndGlobal
